
Microsoft Visual Studio Solution File, Format Version 12.00
# Visual Studio Version 17
VisualStudioVersion = 17.0.31611.283
MinimumVisualStudioVersion = 10.0.40219.1
Project("{9A19103F-16F7-4668-BE54-9A1E7A4F7556}") = "StoreCheck", "StoreCheck.csproj", "{3F435EBF-12D6-4F02-972C-613468A1D40E}"
EndProject
Project("{2150E333-8FDC-42A3-9474-1A3956D46DE8}") = "Solution Items", "Solution Items", "{EE18D096-CA53-4D09-B9EB-EBF4D16C3C36}"
	ProjectSection(SolutionItems) = preProject
		Todo.md = Todo.md
	EndProjectSection
EndProject
Project("{9A19103F-16F7-4668-BE54-9A1E7A4F7556}") = "ZPF_DBSQL", "..\..\..\Apps\TestSQLite-Maui\ZPF_DBSQL\ZPF_DBSQL.csproj", "{A1558E70-8E9A-4EB1-9CA5-31334D8A8D3E}"
EndProject
Project("{9A19103F-16F7-4668-BE54-9A1E7A4F7556}") = "TestProject", "..\TestProject\TestProject.csproj", "{99FD7B5B-2939-47E3-8F28-F1272C5263B3}"
EndProject
Project("{9A19103F-16F7-4668-BE54-9A1E7A4F7556}") = "ZPF_XF_Compos", "..\..\..\Nugets\ZPF_XF_Compos\XFCompos\ZPF_XF_Compos.csproj", "{162432C5-D080-4A9B-8F9A-38BE33BE01B2}"
EndProject
Project("{9A19103F-16F7-4668-BE54-9A1E7A4F7556}") = "ZPF_MCE", "..\..\..\Nugets\ZPF_MCE\ZPF_MCE\ZPF_MCE\ZPF_MCE.csproj", "{CD7C37C0-7F0E-4BEF-8E35-969DB615E1BC}"
EndProject
Project("{9A19103F-16F7-4668-BE54-9A1E7A4F7556}") = "ZPF_MCE.Maui", "..\..\..\Nugets\ZPF_MCE\ZPF_MCE.Maui\ZPF_MCE.Maui.csproj", "{73695013-E5D5-4F48-BE7E-F64477478BC1}"
EndProject
Project("{9A19103F-16F7-4668-BE54-9A1E7A4F7556}") = "ZPF_Maui_Tools", "..\..\..\Nugets\ZPF_Maui_Tools\ZPF_Maui_Tools\ZPF_Maui_Tools.csproj", "{E3877441-B553-4D5A-B655-30B60FB244AD}"
EndProject
Project("{9A19103F-16F7-4668-BE54-9A1E7A4F7556}") = "ZPF_ChatHelper", "..\..\..\Nugets\ZPF_ChatHelper\ZPF_ChatHelper.Socket\ZPF_ChatHelper\ZPF_ChatHelper.csproj", "{0AA25865-5042-4792-A02B-DAE4AA9689D3}"
EndProject
Project("{9A19103F-16F7-4668-BE54-9A1E7A4F7556}") = "WebService", "..\WebService\WebService.csproj", "{520A3786-DC42-4C61-B667-9DFDEA71C66D}"
EndProject
Project("{9A19103F-16F7-4668-BE54-9A1E7A4F7556}") = "StoreCheck.Core.V2", "..\..\StoreCheck.Core.V2\StoreCheck.Core\StoreCheck.Core.V2.csproj", "{A5121EF1-AF9B-49BD-AE46-7BB1C584E4C0}"
EndProject
Global
	GlobalSection(SolutionConfigurationPlatforms) = preSolution
		Debug|Any CPU = Debug|Any CPU
		Release|Any CPU = Release|Any CPU
	EndGlobalSection
	GlobalSection(ProjectConfigurationPlatforms) = postSolution
		{3F435EBF-12D6-4F02-972C-613468A1D40E}.Debug|Any CPU.ActiveCfg = Debug|Any CPU
		{3F435EBF-12D6-4F02-972C-613468A1D40E}.Debug|Any CPU.Build.0 = Debug|Any CPU
		{3F435EBF-12D6-4F02-972C-613468A1D40E}.Debug|Any CPU.Deploy.0 = Debug|Any CPU
		{3F435EBF-12D6-4F02-972C-613468A1D40E}.Release|Any CPU.ActiveCfg = Release|Any CPU
		{3F435EBF-12D6-4F02-972C-613468A1D40E}.Release|Any CPU.Build.0 = Release|Any CPU
		{3F435EBF-12D6-4F02-972C-613468A1D40E}.Release|Any CPU.Deploy.0 = Release|Any CPU
		{A1558E70-8E9A-4EB1-9CA5-31334D8A8D3E}.Debug|Any CPU.ActiveCfg = Debug|Any CPU
		{A1558E70-8E9A-4EB1-9CA5-31334D8A8D3E}.Debug|Any CPU.Build.0 = Debug|Any CPU
		{A1558E70-8E9A-4EB1-9CA5-31334D8A8D3E}.Release|Any CPU.ActiveCfg = Release|Any CPU
		{A1558E70-8E9A-4EB1-9CA5-31334D8A8D3E}.Release|Any CPU.Build.0 = Release|Any CPU
		{99FD7B5B-2939-47E3-8F28-F1272C5263B3}.Debug|Any CPU.ActiveCfg = Debug|Any CPU
		{99FD7B5B-2939-47E3-8F28-F1272C5263B3}.Debug|Any CPU.Build.0 = Debug|Any CPU
		{99FD7B5B-2939-47E3-8F28-F1272C5263B3}.Release|Any CPU.ActiveCfg = Release|Any CPU
		{99FD7B5B-2939-47E3-8F28-F1272C5263B3}.Release|Any CPU.Build.0 = Release|Any CPU
		{162432C5-D080-4A9B-8F9A-38BE33BE01B2}.Debug|Any CPU.ActiveCfg = Debug|Any CPU
		{162432C5-D080-4A9B-8F9A-38BE33BE01B2}.Debug|Any CPU.Build.0 = Debug|Any CPU
		{162432C5-D080-4A9B-8F9A-38BE33BE01B2}.Release|Any CPU.ActiveCfg = Release|Any CPU
		{162432C5-D080-4A9B-8F9A-38BE33BE01B2}.Release|Any CPU.Build.0 = Release|Any CPU
		{CD7C37C0-7F0E-4BEF-8E35-969DB615E1BC}.Debug|Any CPU.ActiveCfg = Debug|Any CPU
		{CD7C37C0-7F0E-4BEF-8E35-969DB615E1BC}.Debug|Any CPU.Build.0 = Debug|Any CPU
		{CD7C37C0-7F0E-4BEF-8E35-969DB615E1BC}.Release|Any CPU.ActiveCfg = Release|Any CPU
		{CD7C37C0-7F0E-4BEF-8E35-969DB615E1BC}.Release|Any CPU.Build.0 = Release|Any CPU
		{73695013-E5D5-4F48-BE7E-F64477478BC1}.Debug|Any CPU.ActiveCfg = Debug|Any CPU
		{73695013-E5D5-4F48-BE7E-F64477478BC1}.Debug|Any CPU.Build.0 = Debug|Any CPU
		{73695013-E5D5-4F48-BE7E-F64477478BC1}.Release|Any CPU.ActiveCfg = Release|Any CPU
		{73695013-E5D5-4F48-BE7E-F64477478BC1}.Release|Any CPU.Build.0 = Release|Any CPU
		{E3877441-B553-4D5A-B655-30B60FB244AD}.Debug|Any CPU.ActiveCfg = Debug|Any CPU
		{E3877441-B553-4D5A-B655-30B60FB244AD}.Debug|Any CPU.Build.0 = Debug|Any CPU
		{E3877441-B553-4D5A-B655-30B60FB244AD}.Release|Any CPU.ActiveCfg = Release|Any CPU
		{E3877441-B553-4D5A-B655-30B60FB244AD}.Release|Any CPU.Build.0 = Release|Any CPU
		{0AA25865-5042-4792-A02B-DAE4AA9689D3}.Debug|Any CPU.ActiveCfg = Debug|Any CPU
		{0AA25865-5042-4792-A02B-DAE4AA9689D3}.Debug|Any CPU.Build.0 = Debug|Any CPU
		{0AA25865-5042-4792-A02B-DAE4AA9689D3}.Release|Any CPU.ActiveCfg = Release|Any CPU
		{0AA25865-5042-4792-A02B-DAE4AA9689D3}.Release|Any CPU.Build.0 = Release|Any CPU
		{520A3786-DC42-4C61-B667-9DFDEA71C66D}.Debug|Any CPU.ActiveCfg = Debug|Any CPU
		{520A3786-DC42-4C61-B667-9DFDEA71C66D}.Debug|Any CPU.Build.0 = Debug|Any CPU
		{520A3786-DC42-4C61-B667-9DFDEA71C66D}.Release|Any CPU.ActiveCfg = Release|Any CPU
		{520A3786-DC42-4C61-B667-9DFDEA71C66D}.Release|Any CPU.Build.0 = Release|Any CPU
		{A5121EF1-AF9B-49BD-AE46-7BB1C584E4C0}.Debug|Any CPU.ActiveCfg = Debug|Any CPU
		{A5121EF1-AF9B-49BD-AE46-7BB1C584E4C0}.Debug|Any CPU.Build.0 = Debug|Any CPU
		{A5121EF1-AF9B-49BD-AE46-7BB1C584E4C0}.Release|Any CPU.ActiveCfg = Release|Any CPU
		{A5121EF1-AF9B-49BD-AE46-7BB1C584E4C0}.Release|Any CPU.Build.0 = Release|Any CPU
	EndGlobalSection
	GlobalSection(SolutionProperties) = preSolution
		HideSolutionNode = FALSE
	EndGlobalSection
	GlobalSection(ExtensibilityGlobals) = postSolution
		SolutionGuid = {61F7FB11-1E47-470C-91E2-47F8143E1572}
	EndGlobalSection
EndGlobal
