
Microsoft Visual Studio Solution File, Format Version 12.00
# Visual Studio Version 17
VisualStudioVersion = 17.0.32014.148
MinimumVisualStudioVersion = 10.0.40219.1
Project("{FAE04EC0-301F-11D3-BF4B-00C04F79EFBC}") = "StoreCheck.Android", "StoreCheck.Android\StoreCheck.Android.csproj", "{BBC921F7-3FBC-4405-9ACF-F07A10DB6213}"
EndProject
Project("{9A19103F-16F7-4668-BE54-9A1E7A4F7556}") = "StoreCheck", "StoreCheck\StoreCheck.csproj", "{A2B6F65D-2BF3-43F3-AE79-7A0E7AEF0364}"
EndProject
Project("{2150E333-8FDC-42A3-9474-1A3956D46DE8}") = "Solution Items", "Solution Items", "{E6D9488B-517A-422F-9A8E-F1BD198D9B4E}"
	ProjectSection(SolutionItems) = preProject
		..\ChangeLog.Admin.md = ..\ChangeLog.Admin.md
		..\ChangeLog.Client.md = ..\ChangeLog.Client.md
		..\ChangeLog.XF.md = ..\ChangeLog.XF.md
		..\Config.md = ..\Config.md
		NuGet.config = NuGet.config
		..\README.md = ..\README.md
		..\Sync.md = ..\Sync.md
	EndProjectSection
EndProject
Project("{FAE04EC0-301F-11D3-BF4B-00C04F79EFBC}") = "StoreCheck.WPF", "StoreCheck.WPF\StoreCheck.WPF.csproj", "{CE82B965-425A-49CD-A0D4-1000CFBD3901}"
EndProject
Project("{FAE04EC0-301F-11D3-BF4B-00C04F79EFBC}") = "StoreCheck.UWP", "StoreCheck.UWP\StoreCheck.UWP.csproj", "{96DAFB68-087A-4DAE-9F60-7E757EF8B89D}"
EndProject
Global
	GlobalSection(SolutionConfigurationPlatforms) = preSolution
		Debug|Any CPU = Debug|Any CPU
		Debug|ARM = Debug|ARM
		Debug|iPhone = Debug|iPhone
		Debug|iPhoneSimulator = Debug|iPhoneSimulator
		Debug|x64 = Debug|x64
		Debug|x86 = Debug|x86
		Release|Any CPU = Release|Any CPU
		Release|ARM = Release|ARM
		Release|iPhone = Release|iPhone
		Release|iPhoneSimulator = Release|iPhoneSimulator
		Release|x64 = Release|x64
		Release|x86 = Release|x86
	EndGlobalSection
	GlobalSection(ProjectConfigurationPlatforms) = postSolution
		{BBC921F7-3FBC-4405-9ACF-F07A10DB6213}.Debug|Any CPU.ActiveCfg = Debug|Any CPU
		{BBC921F7-3FBC-4405-9ACF-F07A10DB6213}.Debug|Any CPU.Build.0 = Debug|Any CPU
		{BBC921F7-3FBC-4405-9ACF-F07A10DB6213}.Debug|Any CPU.Deploy.0 = Debug|Any CPU
		{BBC921F7-3FBC-4405-9ACF-F07A10DB6213}.Debug|ARM.ActiveCfg = Debug|Any CPU
		{BBC921F7-3FBC-4405-9ACF-F07A10DB6213}.Debug|ARM.Build.0 = Debug|Any CPU
		{BBC921F7-3FBC-4405-9ACF-F07A10DB6213}.Debug|ARM.Deploy.0 = Debug|Any CPU
		{BBC921F7-3FBC-4405-9ACF-F07A10DB6213}.Debug|iPhone.ActiveCfg = Debug|Any CPU
		{BBC921F7-3FBC-4405-9ACF-F07A10DB6213}.Debug|iPhone.Build.0 = Debug|Any CPU
		{BBC921F7-3FBC-4405-9ACF-F07A10DB6213}.Debug|iPhone.Deploy.0 = Debug|Any CPU
		{BBC921F7-3FBC-4405-9ACF-F07A10DB6213}.Debug|iPhoneSimulator.ActiveCfg = Debug|Any CPU
		{BBC921F7-3FBC-4405-9ACF-F07A10DB6213}.Debug|iPhoneSimulator.Build.0 = Debug|Any CPU
		{BBC921F7-3FBC-4405-9ACF-F07A10DB6213}.Debug|iPhoneSimulator.Deploy.0 = Debug|Any CPU
		{BBC921F7-3FBC-4405-9ACF-F07A10DB6213}.Debug|x64.ActiveCfg = Debug|Any CPU
		{BBC921F7-3FBC-4405-9ACF-F07A10DB6213}.Debug|x64.Build.0 = Debug|Any CPU
		{BBC921F7-3FBC-4405-9ACF-F07A10DB6213}.Debug|x64.Deploy.0 = Debug|Any CPU
		{BBC921F7-3FBC-4405-9ACF-F07A10DB6213}.Debug|x86.ActiveCfg = Debug|Any CPU
		{BBC921F7-3FBC-4405-9ACF-F07A10DB6213}.Debug|x86.Build.0 = Debug|Any CPU
		{BBC921F7-3FBC-4405-9ACF-F07A10DB6213}.Debug|x86.Deploy.0 = Debug|Any CPU
		{BBC921F7-3FBC-4405-9ACF-F07A10DB6213}.Release|Any CPU.ActiveCfg = Release|Any CPU
		{BBC921F7-3FBC-4405-9ACF-F07A10DB6213}.Release|Any CPU.Build.0 = Release|Any CPU
		{BBC921F7-3FBC-4405-9ACF-F07A10DB6213}.Release|Any CPU.Deploy.0 = Release|Any CPU
		{BBC921F7-3FBC-4405-9ACF-F07A10DB6213}.Release|ARM.ActiveCfg = Release|Any CPU
		{BBC921F7-3FBC-4405-9ACF-F07A10DB6213}.Release|ARM.Build.0 = Release|Any CPU
		{BBC921F7-3FBC-4405-9ACF-F07A10DB6213}.Release|ARM.Deploy.0 = Release|Any CPU
		{BBC921F7-3FBC-4405-9ACF-F07A10DB6213}.Release|iPhone.ActiveCfg = Release|Any CPU
		{BBC921F7-3FBC-4405-9ACF-F07A10DB6213}.Release|iPhone.Build.0 = Release|Any CPU
		{BBC921F7-3FBC-4405-9ACF-F07A10DB6213}.Release|iPhone.Deploy.0 = Release|Any CPU
		{BBC921F7-3FBC-4405-9ACF-F07A10DB6213}.Release|iPhoneSimulator.ActiveCfg = Release|Any CPU
		{BBC921F7-3FBC-4405-9ACF-F07A10DB6213}.Release|iPhoneSimulator.Build.0 = Release|Any CPU
		{BBC921F7-3FBC-4405-9ACF-F07A10DB6213}.Release|iPhoneSimulator.Deploy.0 = Release|Any CPU
		{BBC921F7-3FBC-4405-9ACF-F07A10DB6213}.Release|x64.ActiveCfg = Release|Any CPU
		{BBC921F7-3FBC-4405-9ACF-F07A10DB6213}.Release|x64.Build.0 = Release|Any CPU
		{BBC921F7-3FBC-4405-9ACF-F07A10DB6213}.Release|x64.Deploy.0 = Release|Any CPU
		{BBC921F7-3FBC-4405-9ACF-F07A10DB6213}.Release|x86.ActiveCfg = Release|Any CPU
		{BBC921F7-3FBC-4405-9ACF-F07A10DB6213}.Release|x86.Build.0 = Release|Any CPU
		{BBC921F7-3FBC-4405-9ACF-F07A10DB6213}.Release|x86.Deploy.0 = Release|Any CPU
		{A2B6F65D-2BF3-43F3-AE79-7A0E7AEF0364}.Debug|Any CPU.ActiveCfg = Debug|Any CPU
		{A2B6F65D-2BF3-43F3-AE79-7A0E7AEF0364}.Debug|Any CPU.Build.0 = Debug|Any CPU
		{A2B6F65D-2BF3-43F3-AE79-7A0E7AEF0364}.Debug|Any CPU.Deploy.0 = Debug|Any CPU
		{A2B6F65D-2BF3-43F3-AE79-7A0E7AEF0364}.Debug|ARM.ActiveCfg = Debug|Any CPU
		{A2B6F65D-2BF3-43F3-AE79-7A0E7AEF0364}.Debug|ARM.Build.0 = Debug|Any CPU
		{A2B6F65D-2BF3-43F3-AE79-7A0E7AEF0364}.Debug|ARM.Deploy.0 = Debug|Any CPU
		{A2B6F65D-2BF3-43F3-AE79-7A0E7AEF0364}.Debug|iPhone.ActiveCfg = Debug|Any CPU
		{A2B6F65D-2BF3-43F3-AE79-7A0E7AEF0364}.Debug|iPhone.Build.0 = Debug|Any CPU
		{A2B6F65D-2BF3-43F3-AE79-7A0E7AEF0364}.Debug|iPhone.Deploy.0 = Debug|Any CPU
		{A2B6F65D-2BF3-43F3-AE79-7A0E7AEF0364}.Debug|iPhoneSimulator.ActiveCfg = Debug|Any CPU
		{A2B6F65D-2BF3-43F3-AE79-7A0E7AEF0364}.Debug|iPhoneSimulator.Build.0 = Debug|Any CPU
		{A2B6F65D-2BF3-43F3-AE79-7A0E7AEF0364}.Debug|iPhoneSimulator.Deploy.0 = Debug|Any CPU
		{A2B6F65D-2BF3-43F3-AE79-7A0E7AEF0364}.Debug|x64.ActiveCfg = Debug|Any CPU
		{A2B6F65D-2BF3-43F3-AE79-7A0E7AEF0364}.Debug|x64.Build.0 = Debug|Any CPU
		{A2B6F65D-2BF3-43F3-AE79-7A0E7AEF0364}.Debug|x64.Deploy.0 = Debug|Any CPU
		{A2B6F65D-2BF3-43F3-AE79-7A0E7AEF0364}.Debug|x86.ActiveCfg = Debug|Any CPU
		{A2B6F65D-2BF3-43F3-AE79-7A0E7AEF0364}.Debug|x86.Build.0 = Debug|Any CPU
		{A2B6F65D-2BF3-43F3-AE79-7A0E7AEF0364}.Debug|x86.Deploy.0 = Debug|Any CPU
		{A2B6F65D-2BF3-43F3-AE79-7A0E7AEF0364}.Release|Any CPU.ActiveCfg = Release|Any CPU
		{A2B6F65D-2BF3-43F3-AE79-7A0E7AEF0364}.Release|Any CPU.Build.0 = Release|Any CPU
		{A2B6F65D-2BF3-43F3-AE79-7A0E7AEF0364}.Release|Any CPU.Deploy.0 = Release|Any CPU
		{A2B6F65D-2BF3-43F3-AE79-7A0E7AEF0364}.Release|ARM.ActiveCfg = Release|Any CPU
		{A2B6F65D-2BF3-43F3-AE79-7A0E7AEF0364}.Release|ARM.Build.0 = Release|Any CPU
		{A2B6F65D-2BF3-43F3-AE79-7A0E7AEF0364}.Release|ARM.Deploy.0 = Release|Any CPU
		{A2B6F65D-2BF3-43F3-AE79-7A0E7AEF0364}.Release|iPhone.ActiveCfg = Release|Any CPU
		{A2B6F65D-2BF3-43F3-AE79-7A0E7AEF0364}.Release|iPhone.Build.0 = Release|Any CPU
		{A2B6F65D-2BF3-43F3-AE79-7A0E7AEF0364}.Release|iPhone.Deploy.0 = Release|Any CPU
		{A2B6F65D-2BF3-43F3-AE79-7A0E7AEF0364}.Release|iPhoneSimulator.ActiveCfg = Release|Any CPU
		{A2B6F65D-2BF3-43F3-AE79-7A0E7AEF0364}.Release|iPhoneSimulator.Build.0 = Release|Any CPU
		{A2B6F65D-2BF3-43F3-AE79-7A0E7AEF0364}.Release|iPhoneSimulator.Deploy.0 = Release|Any CPU
		{A2B6F65D-2BF3-43F3-AE79-7A0E7AEF0364}.Release|x64.ActiveCfg = Release|Any CPU
		{A2B6F65D-2BF3-43F3-AE79-7A0E7AEF0364}.Release|x64.Build.0 = Release|Any CPU
		{A2B6F65D-2BF3-43F3-AE79-7A0E7AEF0364}.Release|x64.Deploy.0 = Release|Any CPU
		{A2B6F65D-2BF3-43F3-AE79-7A0E7AEF0364}.Release|x86.ActiveCfg = Release|Any CPU
		{A2B6F65D-2BF3-43F3-AE79-7A0E7AEF0364}.Release|x86.Build.0 = Release|Any CPU
		{A2B6F65D-2BF3-43F3-AE79-7A0E7AEF0364}.Release|x86.Deploy.0 = Release|Any CPU
		{CE82B965-425A-49CD-A0D4-1000CFBD3901}.Debug|Any CPU.ActiveCfg = Debug|Any CPU
		{CE82B965-425A-49CD-A0D4-1000CFBD3901}.Debug|Any CPU.Build.0 = Debug|Any CPU
		{CE82B965-425A-49CD-A0D4-1000CFBD3901}.Debug|ARM.ActiveCfg = Debug|Any CPU
		{CE82B965-425A-49CD-A0D4-1000CFBD3901}.Debug|ARM.Build.0 = Debug|Any CPU
		{CE82B965-425A-49CD-A0D4-1000CFBD3901}.Debug|iPhone.ActiveCfg = Debug|Any CPU
		{CE82B965-425A-49CD-A0D4-1000CFBD3901}.Debug|iPhone.Build.0 = Debug|Any CPU
		{CE82B965-425A-49CD-A0D4-1000CFBD3901}.Debug|iPhoneSimulator.ActiveCfg = Debug|Any CPU
		{CE82B965-425A-49CD-A0D4-1000CFBD3901}.Debug|iPhoneSimulator.Build.0 = Debug|Any CPU
		{CE82B965-425A-49CD-A0D4-1000CFBD3901}.Debug|x64.ActiveCfg = Debug|Any CPU
		{CE82B965-425A-49CD-A0D4-1000CFBD3901}.Debug|x64.Build.0 = Debug|Any CPU
		{CE82B965-425A-49CD-A0D4-1000CFBD3901}.Debug|x86.ActiveCfg = Debug|Any CPU
		{CE82B965-425A-49CD-A0D4-1000CFBD3901}.Debug|x86.Build.0 = Debug|Any CPU
		{CE82B965-425A-49CD-A0D4-1000CFBD3901}.Release|Any CPU.ActiveCfg = Release|Any CPU
		{CE82B965-425A-49CD-A0D4-1000CFBD3901}.Release|Any CPU.Build.0 = Release|Any CPU
		{CE82B965-425A-49CD-A0D4-1000CFBD3901}.Release|ARM.ActiveCfg = Release|Any CPU
		{CE82B965-425A-49CD-A0D4-1000CFBD3901}.Release|ARM.Build.0 = Release|Any CPU
		{CE82B965-425A-49CD-A0D4-1000CFBD3901}.Release|iPhone.ActiveCfg = Release|Any CPU
		{CE82B965-425A-49CD-A0D4-1000CFBD3901}.Release|iPhone.Build.0 = Release|Any CPU
		{CE82B965-425A-49CD-A0D4-1000CFBD3901}.Release|iPhoneSimulator.ActiveCfg = Release|Any CPU
		{CE82B965-425A-49CD-A0D4-1000CFBD3901}.Release|iPhoneSimulator.Build.0 = Release|Any CPU
		{CE82B965-425A-49CD-A0D4-1000CFBD3901}.Release|x64.ActiveCfg = Release|Any CPU
		{CE82B965-425A-49CD-A0D4-1000CFBD3901}.Release|x64.Build.0 = Release|Any CPU
		{CE82B965-425A-49CD-A0D4-1000CFBD3901}.Release|x86.ActiveCfg = Release|Any CPU
		{CE82B965-425A-49CD-A0D4-1000CFBD3901}.Release|x86.Build.0 = Release|Any CPU
		{96DAFB68-087A-4DAE-9F60-7E757EF8B89D}.Debug|Any CPU.ActiveCfg = Debug|x86
		{96DAFB68-087A-4DAE-9F60-7E757EF8B89D}.Debug|Any CPU.Build.0 = Debug|x86
		{96DAFB68-087A-4DAE-9F60-7E757EF8B89D}.Debug|Any CPU.Deploy.0 = Debug|x86
		{96DAFB68-087A-4DAE-9F60-7E757EF8B89D}.Debug|ARM.ActiveCfg = Debug|ARM
		{96DAFB68-087A-4DAE-9F60-7E757EF8B89D}.Debug|ARM.Build.0 = Debug|ARM
		{96DAFB68-087A-4DAE-9F60-7E757EF8B89D}.Debug|ARM.Deploy.0 = Debug|ARM
		{96DAFB68-087A-4DAE-9F60-7E757EF8B89D}.Debug|iPhone.ActiveCfg = Debug|x86
		{96DAFB68-087A-4DAE-9F60-7E757EF8B89D}.Debug|iPhoneSimulator.ActiveCfg = Debug|x86
		{96DAFB68-087A-4DAE-9F60-7E757EF8B89D}.Debug|x64.ActiveCfg = Debug|x64
		{96DAFB68-087A-4DAE-9F60-7E757EF8B89D}.Debug|x64.Build.0 = Debug|x64
		{96DAFB68-087A-4DAE-9F60-7E757EF8B89D}.Debug|x64.Deploy.0 = Debug|x64
		{96DAFB68-087A-4DAE-9F60-7E757EF8B89D}.Debug|x86.ActiveCfg = Debug|x86
		{96DAFB68-087A-4DAE-9F60-7E757EF8B89D}.Debug|x86.Build.0 = Debug|x86
		{96DAFB68-087A-4DAE-9F60-7E757EF8B89D}.Debug|x86.Deploy.0 = Debug|x86
		{96DAFB68-087A-4DAE-9F60-7E757EF8B89D}.Release|Any CPU.ActiveCfg = Release|x86
		{96DAFB68-087A-4DAE-9F60-7E757EF8B89D}.Release|Any CPU.Build.0 = Release|x86
		{96DAFB68-087A-4DAE-9F60-7E757EF8B89D}.Release|Any CPU.Deploy.0 = Release|x86
		{96DAFB68-087A-4DAE-9F60-7E757EF8B89D}.Release|ARM.ActiveCfg = Release|ARM
		{96DAFB68-087A-4DAE-9F60-7E757EF8B89D}.Release|ARM.Build.0 = Release|ARM
		{96DAFB68-087A-4DAE-9F60-7E757EF8B89D}.Release|ARM.Deploy.0 = Release|ARM
		{96DAFB68-087A-4DAE-9F60-7E757EF8B89D}.Release|iPhone.ActiveCfg = Release|x86
		{96DAFB68-087A-4DAE-9F60-7E757EF8B89D}.Release|iPhoneSimulator.ActiveCfg = Release|x86
		{96DAFB68-087A-4DAE-9F60-7E757EF8B89D}.Release|x64.ActiveCfg = Release|x64
		{96DAFB68-087A-4DAE-9F60-7E757EF8B89D}.Release|x64.Build.0 = Release|x64
		{96DAFB68-087A-4DAE-9F60-7E757EF8B89D}.Release|x64.Deploy.0 = Release|x64
		{96DAFB68-087A-4DAE-9F60-7E757EF8B89D}.Release|x86.ActiveCfg = Release|x86
		{96DAFB68-087A-4DAE-9F60-7E757EF8B89D}.Release|x86.Build.0 = Release|x86
		{96DAFB68-087A-4DAE-9F60-7E757EF8B89D}.Release|x86.Deploy.0 = Release|x86
	EndGlobalSection
	GlobalSection(SolutionProperties) = preSolution
		HideSolutionNode = FALSE
	EndGlobalSection
	GlobalSection(ExtensibilityGlobals) = postSolution
		SolutionGuid = {90C401B6-83EC-4D99-B58C-E061254D736D}
	EndGlobalSection
EndGlobal
